
Microsoft Visual Studio Solution File, Format Version 12.00
# Visual Studio Version 16
VisualStudioVersion = 16.0.31729.503
MinimumVisualStudioVersion = 10.0.40219.1
Project("{FAE04EC0-301F-11D3-BF4B-00C04F79EFBC}") = "WebAPI", "WebAPI\WebAPI.csproj", "{594F2FD1-94A7-4B84-83BF-88C9B01EDB10}"
EndProject
Global
	GlobalSection(SolutionConfigurationPlatforms) = preSolution
		Debug|Any CPU = Debug|Any CPU
		Release|Any CPU = Release|Any CPU
	EndGlobalSection
	GlobalSection(ProjectConfigurationPlatforms) = postSolution
		{594F2FD1-94A7-4B84-83BF-88C9B01EDB10}.Debug|Any CPU.ActiveCfg = Debug|Any CPU
		{594F2FD1-94A7-4B84-83BF-88C9B01EDB10}.Debug|Any CPU.Build.0 = Debug|Any CPU
		{594F2FD1-94A7-4B84-83BF-88C9B01EDB10}.Release|Any CPU.ActiveCfg = Release|Any CPU
		{594F2FD1-94A7-4B84-83BF-88C9B01EDB10}.Release|Any CPU.Build.0 = Release|Any CPU
	EndGlobalSection
	GlobalSection(SolutionProperties) = preSolution
		HideSolutionNode = FALSE
	EndGlobalSection
	GlobalSection(ExtensibilityGlobals) = postSolution
		SolutionGuid = {CDF3C355-955A-495D-8276-8B4A7BF46C87}
	EndGlobalSection
EndGlobal
